
Microsoft Visual Studio Solution File, Format Version 12.00
# Visual Studio Version 17
VisualStudioVersion = 17.0.32112.339
MinimumVisualStudioVersion = 10.0.40219.1
Project("{FAE04EC0-301F-11D3-BF4B-00C04F79EFBC}") = "Exercicio01.ConsoleApp", "Exercicio01.ConsoleApp\Exercicio01.ConsoleApp.csproj", "{A0C8C1B1-B066-45BC-BAD2-AA96687DE778}"
EndProject
Project("{FAE04EC0-301F-11D3-BF4B-00C04F79EFBC}") = "Exercicio02.ConsoleApp", "Exercicio02.ConsoleApp\Exercicio02.ConsoleApp.csproj", "{4F73CA7C-077F-4C5F-A217-152DAC33A620}"
EndProject
Project("{FAE04EC0-301F-11D3-BF4B-00C04F79EFBC}") = "Exercicio03.ConsoleApp", "Exercicio03.ConsoleApp\Exercicio03.ConsoleApp.csproj", "{CFC090A0-1186-40CE-824F-FE3BB0E8E61E}"
EndProject
Project("{FAE04EC0-301F-11D3-BF4B-00C04F79EFBC}") = "Exercicio04.ConsoleApp", "Exercicio04.ConsoleApp\Exercicio04.ConsoleApp.csproj", "{398612BB-DA68-4411-B3DC-2EA8C949907F}"
EndProject
Global
	GlobalSection(SolutionConfigurationPlatforms) = preSolution
		Debug|Any CPU = Debug|Any CPU
		Release|Any CPU = Release|Any CPU
	EndGlobalSection
	GlobalSection(ProjectConfigurationPlatforms) = postSolution
		{A0C8C1B1-B066-45BC-BAD2-AA96687DE778}.Debug|Any CPU.ActiveCfg = Debug|Any CPU
		{A0C8C1B1-B066-45BC-BAD2-AA96687DE778}.Debug|Any CPU.Build.0 = Debug|Any CPU
		{A0C8C1B1-B066-45BC-BAD2-AA96687DE778}.Release|Any CPU.ActiveCfg = Release|Any CPU
		{A0C8C1B1-B066-45BC-BAD2-AA96687DE778}.Release|Any CPU.Build.0 = Release|Any CPU
		{4F73CA7C-077F-4C5F-A217-152DAC33A620}.Debug|Any CPU.ActiveCfg = Debug|Any CPU
		{4F73CA7C-077F-4C5F-A217-152DAC33A620}.Debug|Any CPU.Build.0 = Debug|Any CPU
		{4F73CA7C-077F-4C5F-A217-152DAC33A620}.Release|Any CPU.ActiveCfg = Release|Any CPU
		{4F73CA7C-077F-4C5F-A217-152DAC33A620}.Release|Any CPU.Build.0 = Release|Any CPU
		{CFC090A0-1186-40CE-824F-FE3BB0E8E61E}.Debug|Any CPU.ActiveCfg = Debug|Any CPU
		{CFC090A0-1186-40CE-824F-FE3BB0E8E61E}.Debug|Any CPU.Build.0 = Debug|Any CPU
		{CFC090A0-1186-40CE-824F-FE3BB0E8E61E}.Release|Any CPU.ActiveCfg = Release|Any CPU
		{CFC090A0-1186-40CE-824F-FE3BB0E8E61E}.Release|Any CPU.Build.0 = Release|Any CPU
		{398612BB-DA68-4411-B3DC-2EA8C949907F}.Debug|Any CPU.ActiveCfg = Debug|Any CPU
		{398612BB-DA68-4411-B3DC-2EA8C949907F}.Debug|Any CPU.Build.0 = Debug|Any CPU
		{398612BB-DA68-4411-B3DC-2EA8C949907F}.Release|Any CPU.ActiveCfg = Release|Any CPU
		{398612BB-DA68-4411-B3DC-2EA8C949907F}.Release|Any CPU.Build.0 = Release|Any CPU
	EndGlobalSection
	GlobalSection(SolutionProperties) = preSolution
		HideSolutionNode = FALSE
	EndGlobalSection
	GlobalSection(ExtensibilityGlobals) = postSolution
		SolutionGuid = {F223E30B-5103-4276-BE31-3044A480FF47}
	EndGlobalSection
EndGlobal
